
Microsoft Visual Studio Solution File, Format Version 12.00
Project("{FAE04EC0-301F-11D3-BF4B-00C04F79EFBC}") = "MoneyManagementSystem", "MoneyManagementSystem\MoneyManagementSystem.csproj", "{DA383854-5F18-4993-8F9D-A714A0F4A2EB}"
EndProject
Global
	GlobalSection(SolutionConfigurationPlatforms) = preSolution
		Debug|Any CPU = Debug|Any CPU
		Release|Any CPU = Release|Any CPU
	EndGlobalSection
	GlobalSection(ProjectConfigurationPlatforms) = postSolution
		{DA383854-5F18-4993-8F9D-A714A0F4A2EB}.Debug|Any CPU.ActiveCfg = Debug|Any CPU
		{DA383854-5F18-4993-8F9D-A714A0F4A2EB}.Debug|Any CPU.Build.0 = Debug|Any CPU
		{DA383854-5F18-4993-8F9D-A714A0F4A2EB}.Release|Any CPU.ActiveCfg = Release|Any CPU
		{DA383854-5F18-4993-8F9D-A714A0F4A2EB}.Release|Any CPU.Build.0 = Release|Any CPU
	EndGlobalSection
EndGlobal
